{
  "requires": true,
  "lockfileVersion": 1,
  "dependencies": {
    "smoothscroll-polyfill": {
      "version": "0.4.4",
      "resolved": "https://registry.npmjs.org/smoothscroll-polyfill/-/smoothscroll-polyfill-0.4.4.tgz",
      "integrity": "sha512-TK5ZA9U5RqCwMpfoMq/l1mrH0JAR7y7KRvOBx0n2869aLxch+gT9GhN3yUfjiw+d/DiF1mKo14+hd62JyMmoBg==",
      "dev": true
    },
    "vuepress-plugin-smooth-scroll": {
      "version": "0.0.9",
      "resolved": "https://registry.npmjs.org/vuepress-plugin-smooth-scroll/-/vuepress-plugin-smooth-scroll-0.0.9.tgz",
      "integrity": "sha512-UXX+HLZO1NKVwyiOJlj0smh8F9dKnwybjEi7w/Mj9EYLhKrNYr5uXs+N+OTt8VwKCn3f0vZ1XAwFIjsPlD7GJA==",
      "dev": true,
      "requires": {
        "smoothscroll-polyfill": "^0.4.4"
      }
    }
  }
}
